
Microsoft Visual Studio Solution File, Format Version 12.00
# Visual Studio Version 17
VisualStudioVersion = 17.6.33815.320
MinimumVisualStudioVersion = 10.0.40219.1
Project("{FAE04EC0-301F-11D3-BF4B-00C04F79EFBC}") = "Proyecto Contactos", "Proyecto Contactos\Proyecto Contactos.csproj", "{63DF039A-3FAF-4567-9375-858D88F1578B}"
EndProject
Global
	GlobalSection(SolutionConfigurationPlatforms) = preSolution
		Debug|Any CPU = Debug|Any CPU
		Release|Any CPU = Release|Any CPU
	EndGlobalSection
	GlobalSection(ProjectConfigurationPlatforms) = postSolution
		{63DF039A-3FAF-4567-9375-858D88F1578B}.Debug|Any CPU.ActiveCfg = Debug|Any CPU
		{63DF039A-3FAF-4567-9375-858D88F1578B}.Debug|Any CPU.Build.0 = Debug|Any CPU
		{63DF039A-3FAF-4567-9375-858D88F1578B}.Release|Any CPU.ActiveCfg = Release|Any CPU
		{63DF039A-3FAF-4567-9375-858D88F1578B}.Release|Any CPU.Build.0 = Release|Any CPU
	EndGlobalSection
	GlobalSection(SolutionProperties) = preSolution
		HideSolutionNode = FALSE
	EndGlobalSection
	GlobalSection(ExtensibilityGlobals) = postSolution
		SolutionGuid = {8F1E9DDC-9E1F-4B25-AD90-482AA8A1AC9C}
	EndGlobalSection
EndGlobal
